{
  "version": 4,
  "terraform_version": "0.12.18",
  "serial": 7,
  "lineage": "64d92929-e0b7-3980-abbd-7e7fb3811fbf",
  "outputs": {},
  "resources": [
    {
      "mode": "data",
      "type": "archive_file",
      "name": "lambda_zip",
      "provider": "provider.archive",
      "instances": [
        {
          "schema_version": 0,
          "attributes": {
            "excludes": null,
            "id": "567a43e63a43b1884457d891535d730ff26c77c4",
            "output_base64sha256": "mezn9iR+DWCUlRqx3iPUjEloyvVnbcjJf+DykFYlWjM=",
            "output_md5": "c254dfeebf18d5f9f6cc73e34f3883a3",
            "output_path": "lambda_function.zip",
            "output_sha": "567a43e63a43b1884457d891535d730ff26c77c4",
            "output_size": 238,
            "source": [],
            "source_content": null,
            "source_content_filename": null,
            "source_dir": null,
            "source_file": "../index.js",
            "type": "zip"
          }
        }
      ]
    },
    {
      "mode": "managed",
      "type": "aws_iam_role",
      "name": "iam_for_lambda_tf",
      "provider": "provider.aws",
      "instances": [
        {
          "schema_version": 0,
          "attributes": {
            "arn": "arn:aws:iam::616416085932:role/iam_for_lambda_tf",
            "assume_role_policy": "{\"Version\":\"2012-10-17\",\"Statement\":[{\"Sid\":\"\",\"Effect\":\"Allow\",\"Principal\":{\"Service\":\"lambda.amazonaws.com\"},\"Action\":\"sts:AssumeRole\"}]}",
            "create_date": "2019-12-23T14:32:43Z",
            "description": "",
            "force_detach_policies": false,
            "id": "iam_for_lambda_tf",
            "max_session_duration": 3600,
            "name": "iam_for_lambda_tf",
            "name_prefix": null,
            "path": "/",
            "permissions_boundary": null,
            "tags": null,
            "unique_id": "AROAY7BKDA6WE22VT2ZW5"
          },
          "private": "bnVsbA=="
        }
      ]
    }
  ]
}
